
Microsoft Visual Studio Solution File, Format Version 12.00
# Visual Studio 14
VisualStudioVersion = 14.0.25420.1
MinimumVisualStudioVersion = 10.0.40219.1
Project("{FAE04EC0-301F-11D3-BF4B-00C04F79EFBC}") = "SGZ.DataAccess", "SGZ.DataAccess\SGZ.DataAccess.csproj", "{9080CA56-A512-47B8-8411-F96BB13FE3EF}"
EndProject
Project("{FAE04EC0-301F-11D3-BF4B-00C04F79EFBC}") = "SGZ.AutoRefresh.UI", "SGZ.AutoRefresh.UI\SGZ.AutoRefresh.UI.csproj", "{193B0060-ADFC-436D-AFA4-BDD65F640B2A}"
EndProject
Global
	GlobalSection(SolutionConfigurationPlatforms) = preSolution
		Debug|Any CPU = Debug|Any CPU
		Release|Any CPU = Release|Any CPU
	EndGlobalSection
	GlobalSection(ProjectConfigurationPlatforms) = postSolution
		{9080CA56-A512-47B8-8411-F96BB13FE3EF}.Debug|Any CPU.ActiveCfg = Debug|Any CPU
		{9080CA56-A512-47B8-8411-F96BB13FE3EF}.Debug|Any CPU.Build.0 = Debug|Any CPU
		{9080CA56-A512-47B8-8411-F96BB13FE3EF}.Release|Any CPU.ActiveCfg = Release|Any CPU
		{9080CA56-A512-47B8-8411-F96BB13FE3EF}.Release|Any CPU.Build.0 = Release|Any CPU
		{193B0060-ADFC-436D-AFA4-BDD65F640B2A}.Debug|Any CPU.ActiveCfg = Debug|Any CPU
		{193B0060-ADFC-436D-AFA4-BDD65F640B2A}.Debug|Any CPU.Build.0 = Debug|Any CPU
		{193B0060-ADFC-436D-AFA4-BDD65F640B2A}.Release|Any CPU.ActiveCfg = Release|Any CPU
		{193B0060-ADFC-436D-AFA4-BDD65F640B2A}.Release|Any CPU.Build.0 = Release|Any CPU
	EndGlobalSection
	GlobalSection(SolutionProperties) = preSolution
		HideSolutionNode = FALSE
	EndGlobalSection
EndGlobal
